
Microsoft Visual Studio Solution File, Format Version 12.00
# Visual Studio Version 17
VisualStudioVersion = 17.4.33213.308
MinimumVisualStudioVersion = 10.0.40219.1
Project("{FAE04EC0-301F-11D3-BF4B-00C04F79EFBC}") = "Ex01", "Ex01\Ex01.csproj", "{725A482F-D703-4EC0-BEDB-A35A4B3394C0}"
EndProject
Global
	GlobalSection(SolutionConfigurationPlatforms) = preSolution
		Debug|Any CPU = Debug|Any CPU
		Release|Any CPU = Release|Any CPU
	EndGlobalSection
	GlobalSection(ProjectConfigurationPlatforms) = postSolution
		{725A482F-D703-4EC0-BEDB-A35A4B3394C0}.Debug|Any CPU.ActiveCfg = Debug|Any CPU
		{725A482F-D703-4EC0-BEDB-A35A4B3394C0}.Debug|Any CPU.Build.0 = Debug|Any CPU
		{725A482F-D703-4EC0-BEDB-A35A4B3394C0}.Release|Any CPU.ActiveCfg = Release|Any CPU
		{725A482F-D703-4EC0-BEDB-A35A4B3394C0}.Release|Any CPU.Build.0 = Release|Any CPU
	EndGlobalSection
	GlobalSection(SolutionProperties) = preSolution
		HideSolutionNode = FALSE
	EndGlobalSection
	GlobalSection(ExtensibilityGlobals) = postSolution
		SolutionGuid = {8E1D2E11-6D21-411E-B789-9328073B7727}
	EndGlobalSection
EndGlobal
