
Microsoft Visual Studio Solution File, Format Version 12.00
# Visual Studio Version 17
VisualStudioVersion = 17.4.33213.308
MinimumVisualStudioVersion = 10.0.40219.1
Project("{FAE04EC0-301F-11D3-BF4B-00C04F79EFBC}") = "Temp", "Temp\Temp.csproj", "{3D6880E0-BD0A-420C-A2B5-D86B38DEFA5E}"
EndProject
Global
	GlobalSection(SolutionConfigurationPlatforms) = preSolution
		Debug|Any CPU = Debug|Any CPU
		Release|Any CPU = Release|Any CPU
	EndGlobalSection
	GlobalSection(ProjectConfigurationPlatforms) = postSolution
		{3D6880E0-BD0A-420C-A2B5-D86B38DEFA5E}.Debug|Any CPU.ActiveCfg = Debug|Any CPU
		{3D6880E0-BD0A-420C-A2B5-D86B38DEFA5E}.Debug|Any CPU.Build.0 = Debug|Any CPU
		{3D6880E0-BD0A-420C-A2B5-D86B38DEFA5E}.Release|Any CPU.ActiveCfg = Release|Any CPU
		{3D6880E0-BD0A-420C-A2B5-D86B38DEFA5E}.Release|Any CPU.Build.0 = Release|Any CPU
	EndGlobalSection
	GlobalSection(SolutionProperties) = preSolution
		HideSolutionNode = FALSE
	EndGlobalSection
	GlobalSection(ExtensibilityGlobals) = postSolution
		SolutionGuid = {0BB8B39B-C30A-4694-B3E6-24C8A57943A8}
	EndGlobalSection
EndGlobal
