
Microsoft Visual Studio Solution File, Format Version 12.00
# Visual Studio Version 17
VisualStudioVersion = 17.8.34322.80
MinimumVisualStudioVersion = 10.0.40219.1
Project("{FAE04EC0-301F-11D3-BF4B-00C04F79EFBC}") = "JokesWebApp", "JokesWebApp\JokesWebApp.csproj", "{291DC940-67F8-457C-A86F-A3E95157FA5D}"
EndProject
Global
	GlobalSection(SolutionConfigurationPlatforms) = preSolution
		Debug|Any CPU = Debug|Any CPU
		Release|Any CPU = Release|Any CPU
	EndGlobalSection
	GlobalSection(ProjectConfigurationPlatforms) = postSolution
		{291DC940-67F8-457C-A86F-A3E95157FA5D}.Debug|Any CPU.ActiveCfg = Debug|Any CPU
		{291DC940-67F8-457C-A86F-A3E95157FA5D}.Debug|Any CPU.Build.0 = Debug|Any CPU
		{291DC940-67F8-457C-A86F-A3E95157FA5D}.Release|Any CPU.ActiveCfg = Release|Any CPU
		{291DC940-67F8-457C-A86F-A3E95157FA5D}.Release|Any CPU.Build.0 = Release|Any CPU
	EndGlobalSection
	GlobalSection(SolutionProperties) = preSolution
		HideSolutionNode = FALSE
	EndGlobalSection
	GlobalSection(ExtensibilityGlobals) = postSolution
		SolutionGuid = {487776C9-ABAB-41EA-A418-1EB00C8D7A1A}
	EndGlobalSection
EndGlobal
