
Microsoft Visual Studio Solution File, Format Version 12.00
# Visual Studio Version 17
VisualStudioVersion = 17.4.33213.308
MinimumVisualStudioVersion = 10.0.40219.1
Project("{FAE04EC0-301F-11D3-BF4B-00C04F79EFBC}") = "TheMovies", "TheMovies\TheMovies.csproj", "{05825135-76CF-426C-8BCD-512F49499697}"
EndProject
Project("{FAE04EC0-301F-11D3-BF4B-00C04F79EFBC}") = "TheMoviesTest", "TheMoviesTest\TheMoviesTest.csproj", "{75CBCA18-F455-4600-A240-63E84B2A7302}"
EndProject
Global
	GlobalSection(SolutionConfigurationPlatforms) = preSolution
		Debug|Any CPU = Debug|Any CPU
		Release|Any CPU = Release|Any CPU
	EndGlobalSection
	GlobalSection(ProjectConfigurationPlatforms) = postSolution
		{05825135-76CF-426C-8BCD-512F49499697}.Debug|Any CPU.ActiveCfg = Debug|Any CPU
		{05825135-76CF-426C-8BCD-512F49499697}.Debug|Any CPU.Build.0 = Debug|Any CPU
		{05825135-76CF-426C-8BCD-512F49499697}.Release|Any CPU.ActiveCfg = Release|Any CPU
		{05825135-76CF-426C-8BCD-512F49499697}.Release|Any CPU.Build.0 = Release|Any CPU
		{75CBCA18-F455-4600-A240-63E84B2A7302}.Debug|Any CPU.ActiveCfg = Debug|Any CPU
		{75CBCA18-F455-4600-A240-63E84B2A7302}.Debug|Any CPU.Build.0 = Debug|Any CPU
		{75CBCA18-F455-4600-A240-63E84B2A7302}.Release|Any CPU.ActiveCfg = Release|Any CPU
		{75CBCA18-F455-4600-A240-63E84B2A7302}.Release|Any CPU.Build.0 = Release|Any CPU
	EndGlobalSection
	GlobalSection(SolutionProperties) = preSolution
		HideSolutionNode = FALSE
	EndGlobalSection
	GlobalSection(ExtensibilityGlobals) = postSolution
		SolutionGuid = {256B7C76-7199-44D6-86A9-F42416C3288E}
	EndGlobalSection
EndGlobal
