
Microsoft Visual Studio Solution File, Format Version 12.00
# Visual Studio Version 17
VisualStudioVersion = 17.4.33213.308
MinimumVisualStudioVersion = 10.0.40219.1
Project("{FAE04EC0-301F-11D3-BF4B-00C04F79EFBC}") = "MenuSystem", "MenuSystem\MenuSystem.csproj", "{B860FA6A-971B-4947-B9B4-D094F1D57B48}"
EndProject
Global
	GlobalSection(SolutionConfigurationPlatforms) = preSolution
		Debug|Any CPU = Debug|Any CPU
		Release|Any CPU = Release|Any CPU
	EndGlobalSection
	GlobalSection(ProjectConfigurationPlatforms) = postSolution
		{B860FA6A-971B-4947-B9B4-D094F1D57B48}.Debug|Any CPU.ActiveCfg = Debug|Any CPU
		{B860FA6A-971B-4947-B9B4-D094F1D57B48}.Debug|Any CPU.Build.0 = Debug|Any CPU
		{B860FA6A-971B-4947-B9B4-D094F1D57B48}.Release|Any CPU.ActiveCfg = Release|Any CPU
		{B860FA6A-971B-4947-B9B4-D094F1D57B48}.Release|Any CPU.Build.0 = Release|Any CPU
	EndGlobalSection
	GlobalSection(SolutionProperties) = preSolution
		HideSolutionNode = FALSE
	EndGlobalSection
	GlobalSection(ExtensibilityGlobals) = postSolution
		SolutionGuid = {30034D5E-C1F7-4F66-BD9A-01440D8EFB55}
	EndGlobalSection
EndGlobal
