
Microsoft Visual Studio Solution File, Format Version 12.00
# Visual Studio Version 17
VisualStudioVersion = 17.4.33213.308
MinimumVisualStudioVersion = 10.0.40219.1
Project("{FAE04EC0-301F-11D3-BF4B-00C04F79EFBC}") = "Persistens", "Persistens\Persistens.csproj", "{6155D766-4BE3-47A4-9A43-E62411C53C08}"
EndProject
Project("{FAE04EC0-301F-11D3-BF4B-00C04F79EFBC}") = "PersistensTest", "PersistensTest\PersistensTest.csproj", "{EEA2E546-0704-40BF-9478-6F4C0C253C9B}"
EndProject
Global
	GlobalSection(SolutionConfigurationPlatforms) = preSolution
		Debug|Any CPU = Debug|Any CPU
		Release|Any CPU = Release|Any CPU
	EndGlobalSection
	GlobalSection(ProjectConfigurationPlatforms) = postSolution
		{6155D766-4BE3-47A4-9A43-E62411C53C08}.Debug|Any CPU.ActiveCfg = Debug|Any CPU
		{6155D766-4BE3-47A4-9A43-E62411C53C08}.Debug|Any CPU.Build.0 = Debug|Any CPU
		{6155D766-4BE3-47A4-9A43-E62411C53C08}.Release|Any CPU.ActiveCfg = Release|Any CPU
		{6155D766-4BE3-47A4-9A43-E62411C53C08}.Release|Any CPU.Build.0 = Release|Any CPU
		{EEA2E546-0704-40BF-9478-6F4C0C253C9B}.Debug|Any CPU.ActiveCfg = Debug|Any CPU
		{EEA2E546-0704-40BF-9478-6F4C0C253C9B}.Debug|Any CPU.Build.0 = Debug|Any CPU
		{EEA2E546-0704-40BF-9478-6F4C0C253C9B}.Release|Any CPU.ActiveCfg = Release|Any CPU
		{EEA2E546-0704-40BF-9478-6F4C0C253C9B}.Release|Any CPU.Build.0 = Release|Any CPU
	EndGlobalSection
	GlobalSection(SolutionProperties) = preSolution
		HideSolutionNode = FALSE
	EndGlobalSection
	GlobalSection(ExtensibilityGlobals) = postSolution
		SolutionGuid = {BCE054FE-BE13-44E0-8B94-D4D6006C3B3E}
	EndGlobalSection
EndGlobal
