
Microsoft Visual Studio Solution File, Format Version 12.00
# Visual Studio Version 17
VisualStudioVersion = 17.4.33213.308
MinimumVisualStudioVersion = 10.0.40219.1
Project("{FAE04EC0-301F-11D3-BF4B-00C04F79EFBC}") = "WPFSimpleGUI", "WPFSimpleGUI\WPFSimpleGUI.csproj", "{68D2D6B9-9A17-41E7-B7A6-34E1F4BE74D6}"
EndProject
Global
	GlobalSection(SolutionConfigurationPlatforms) = preSolution
		Debug|Any CPU = Debug|Any CPU
		Release|Any CPU = Release|Any CPU
	EndGlobalSection
	GlobalSection(ProjectConfigurationPlatforms) = postSolution
		{68D2D6B9-9A17-41E7-B7A6-34E1F4BE74D6}.Debug|Any CPU.ActiveCfg = Debug|Any CPU
		{68D2D6B9-9A17-41E7-B7A6-34E1F4BE74D6}.Debug|Any CPU.Build.0 = Debug|Any CPU
		{68D2D6B9-9A17-41E7-B7A6-34E1F4BE74D6}.Release|Any CPU.ActiveCfg = Release|Any CPU
		{68D2D6B9-9A17-41E7-B7A6-34E1F4BE74D6}.Release|Any CPU.Build.0 = Release|Any CPU
	EndGlobalSection
	GlobalSection(SolutionProperties) = preSolution
		HideSolutionNode = FALSE
	EndGlobalSection
	GlobalSection(ExtensibilityGlobals) = postSolution
		SolutionGuid = {CDB2F4D1-5D59-4A64-A9A3-254B4579435A}
	EndGlobalSection
EndGlobal
