
Microsoft Visual Studio Solution File, Format Version 12.00
# Visual Studio Version 17
VisualStudioVersion = 17.8.34322.80
MinimumVisualStudioVersion = 10.0.40219.1
Project("{FAE04EC0-301F-11D3-BF4B-00C04F79EFBC}") = "TutorialCreateWPFApp", "TutorialCreateWPFApp\TutorialCreateWPFApp.csproj", "{401388EA-99D8-499E-968B-2B0AB2E3C3AB}"
EndProject
Global
	GlobalSection(SolutionConfigurationPlatforms) = preSolution
		Debug|Any CPU = Debug|Any CPU
		Release|Any CPU = Release|Any CPU
	EndGlobalSection
	GlobalSection(ProjectConfigurationPlatforms) = postSolution
		{401388EA-99D8-499E-968B-2B0AB2E3C3AB}.Debug|Any CPU.ActiveCfg = Debug|Any CPU
		{401388EA-99D8-499E-968B-2B0AB2E3C3AB}.Debug|Any CPU.Build.0 = Debug|Any CPU
		{401388EA-99D8-499E-968B-2B0AB2E3C3AB}.Release|Any CPU.ActiveCfg = Release|Any CPU
		{401388EA-99D8-499E-968B-2B0AB2E3C3AB}.Release|Any CPU.Build.0 = Release|Any CPU
	EndGlobalSection
	GlobalSection(SolutionProperties) = preSolution
		HideSolutionNode = FALSE
	EndGlobalSection
	GlobalSection(ExtensibilityGlobals) = postSolution
		SolutionGuid = {1CCBA667-B22E-4236-8655-A800E54FF5F1}
	EndGlobalSection
EndGlobal
